// !$*UTF8*$!
{
	archiveVersion = 1;
	classes = {
	};
	objectVersion = 55;
	objects = {

/* Begin PBXBuildFile section */
		DD525E61289A04F80056064C /* Recipe_iOSApp.swift in Sources */ = {isa = PBXBuildFile; fileRef = DD525E60289A04F80056064C /* Recipe_iOSApp.swift */; };
		DD525E63289A04F80056064C /* ContentView.swift in Sources */ = {isa = PBXBuildFile; fileRef = DD525E62289A04F80056064C /* ContentView.swift */; };
		DD525E65289A04F90056064C /* Assets.xcassets in Resources */ = {isa = PBXBuildFile; fileRef = DD525E64289A04F90056064C /* Assets.xcassets */; };
		DD525E68289A04F90056064C /* Preview Assets.xcassets in Resources */ = {isa = PBXBuildFile; fileRef = DD525E67289A04F90056064C /* Preview Assets.xcassets */; };
		DD525E72289A04FA0056064C /* Recipe_iOSTests.swift in Sources */ = {isa = PBXBuildFile; fileRef = DD525E71289A04FA0056064C /* Recipe_iOSTests.swift */; };
		DD525E7C289A04FA0056064C /* Recipe_iOSUITests.swift in Sources */ = {isa = PBXBuildFile; fileRef = DD525E7B289A04FA0056064C /* Recipe_iOSUITests.swift */; };
		DD525E7E289A04FA0056064C /* Recipe_iOSUITestsLaunchTests.swift in Sources */ = {isa = PBXBuildFile; fileRef = DD525E7D289A04FA0056064C /* Recipe_iOSUITestsLaunchTests.swift */; };
/* End PBXBuildFile section */

/* Begin PBXContainerItemProxy section */
		DD525E6E289A04FA0056064C /* PBXContainerItemProxy */ = {
			isa = PBXContainerItemProxy;
			containerPortal = DD525E55289A04F80056064C /* Project object */;
			proxyType = 1;
			remoteGlobalIDString = DD525E5C289A04F80056064C;
			remoteInfo = "Recipe-iOS";
		};
		DD525E78289A04FA0056064C /* PBXContainerItemProxy */ = {
			isa = PBXContainerItemProxy;
			containerPortal = DD525E55289A04F80056064C /* Project object */;
			proxyType = 1;
			remoteGlobalIDString = DD525E5C289A04F80056064C;
			remoteInfo = "Recipe-iOS";
		};
/* End PBXContainerItemProxy section */

/* Begin PBXFileReference section */
		DD525E5D289A04F80056064C /* Recipe-iOS.app */ = {isa = PBXFileReference; explicitFileType = wrapper.application; includeInIndex = 0; path = "Recipe-iOS.app"; sourceTree = BUILT_PRODUCTS_DIR; };
		DD525E60289A04F80056064C /* Recipe_iOSApp.swift */ = {isa = PBXFileReference; lastKnownFileType = sourcecode.swift; path = Recipe_iOSApp.swift; sourceTree = "<group>"; };
		DD525E62289A04F80056064C /* ContentView.swift */ = {isa = PBXFileReference; lastKnownFileType = sourcecode.swift; path = ContentView.swift; sourceTree = "<group>"; };
		DD525E64289A04F90056064C /* Assets.xcassets */ = {isa = PBXFileReference; lastKnownFileType = folder.assetcatalog; path = Assets.xcassets; sourceTree = "<group>"; };
		DD525E67289A04F90056064C /* Preview Assets.xcassets */ = {isa = PBXFileReference; lastKnownFileType = folder.assetcatalog; path = "Preview Assets.xcassets"; sourceTree = "<group>"; };
		DD525E6D289A04FA0056064C /* Recipe-iOSTests.xctest */ = {isa = PBXFileReference; explicitFileType = wrapper.cfbundle; includeInIndex = 0; path = "Recipe-iOSTests.xctest"; sourceTree = BUILT_PRODUCTS_DIR; };
		DD525E71289A04FA0056064C /* Recipe_iOSTests.swift */ = {isa = PBXFileReference; lastKnownFileType = sourcecode.swift; path = Recipe_iOSTests.swift; sourceTree = "<group>"; };
		DD525E77289A04FA0056064C /* Recipe-iOSUITests.xctest */ = {isa = PBXFileReference; explicitFileType = wrapper.cfbundle; includeInIndex = 0; path = "Recipe-iOSUITests.xctest"; sourceTree = BUILT_PRODUCTS_DIR; };
		DD525E7B289A04FA0056064C /* Recipe_iOSUITests.swift */ = {isa = PBXFileReference; lastKnownFileType = sourcecode.swift; path = Recipe_iOSUITests.swift; sourceTree = "<group>"; };
		DD525E7D289A04FA0056064C /* Recipe_iOSUITestsLaunchTests.swift */ = {isa = PBXFileReference; lastKnownFileType = sourcecode.swift; path = Recipe_iOSUITestsLaunchTests.swift; sourceTree = "<group>"; };
/* End PBXFileReference section */

/* Begin PBXFrameworksBuildPhase section */
		DD525E5A289A04F80056064C /* Frameworks */ = {
			isa = PBXFrameworksBuildPhase;
			buildActionMask = 2147483647;
			files = (
			);
			runOnlyForDeploymentPostprocessing = 0;
		};
		DD525E6A289A04FA0056064C /* Frameworks */ = {
			isa = PBXFrameworksBuildPhase;
			buildActionMask = 2147483647;
			files = (
			);
			runOnlyForDeploymentPostprocessing = 0;
		};
		DD525E74289A04FA0056064C /* Frameworks */ = {
			isa = PBXFrameworksBuildPhase;
			buildActionMask = 2147483647;
			files = (
			);
			runOnlyForDeploymentPostprocessing = 0;
		};
/* End PBXFrameworksBuildPhase section */

/* Begin PBXGroup section */
		DD525E54289A04F80056064C = {
			isa = PBXGroup;
			children = (
				DD525E5F289A04F80056064C /* Recipe-iOS */,
				DD525E70289A04FA0056064C /* Recipe-iOSTests */,
				DD525E7A289A04FA0056064C /* Recipe-iOSUITests */,
				DD525E5E289A04F80056064C /* Products */,
			);
			sourceTree = "<group>";
		};
		DD525E5E289A04F80056064C /* Products */ = {
			isa = PBXGroup;
			children = (
				DD525E5D289A04F80056064C /* Recipe-iOS.app */,
				DD525E6D289A04FA0056064C /* Recipe-iOSTests.xctest */,
				DD525E77289A04FA0056064C /* Recipe-iOSUITests.xctest */,
			);
			name = Products;
			sourceTree = "<group>";
		};
		DD525E5F289A04F80056064C /* Recipe-iOS */ = {
			isa = PBXGroup;
			children = (
				DD525E60289A04F80056064C /* Recipe_iOSApp.swift */,
				DD525E62289A04F80056064C /* ContentView.swift */,
				DD525E64289A04F90056064C /* Assets.xcassets */,
				DD525E66289A04F90056064C /* Preview Content */,
			);
			path = "Recipe-iOS";
			sourceTree = "<group>";
		};
		DD525E66289A04F90056064C /* Preview Content */ = {
			isa = PBXGroup;
			children = (
				DD525E67289A04F90056064C /* Preview Assets.xcassets */,
			);
			path = "Preview Content";
			sourceTree = "<group>";
		};
		DD525E70289A04FA0056064C /* Recipe-iOSTests */ = {
			isa = PBXGroup;
			children = (
				DD525E71289A04FA0056064C /* Recipe_iOSTests.swift */,
			);
			path = "Recipe-iOSTests";
			sourceTree = "<group>";
		};
		DD525E7A289A04FA0056064C /* Recipe-iOSUITests */ = {
			isa = PBXGroup;
			children = (
				DD525E7B289A04FA0056064C /* Recipe_iOSUITests.swift */,
				DD525E7D289A04FA0056064C /* Recipe_iOSUITestsLaunchTests.swift */,
			);
			path = "Recipe-iOSUITests";
			sourceTree = "<group>";
		};
/* End PBXGroup section */

/* Begin PBXNativeTarget section */
		DD525E5C289A04F80056064C /* Recipe-iOS */ = {
			isa = PBXNativeTarget;
			buildConfigurationList = DD525E81289A04FA0056064C /* Build configuration list for PBXNativeTarget "Recipe-iOS" */;
			buildPhases = (
				DD525E59289A04F80056064C /* Sources */,
				DD525E5A289A04F80056064C /* Frameworks */,
				DD525E5B289A04F80056064C /* Resources */,
			);
			buildRules = (
			);
			dependencies = (
			);
			name = "Recipe-iOS";
			productName = "Recipe-iOS";
			productReference = DD525E5D289A04F80056064C /* Recipe-iOS.app */;
			productType = "com.apple.product-type.application";
		};
		DD525E6C289A04FA0056064C /* Recipe-iOSTests */ = {
			isa = PBXNativeTarget;
			buildConfigurationList = DD525E84289A04FA0056064C /* Build configuration list for PBXNativeTarget "Recipe-iOSTests" */;
			buildPhases = (
				DD525E69289A04FA0056064C /* Sources */,
				DD525E6A289A04FA0056064C /* Frameworks */,
				DD525E6B289A04FA0056064C /* Resources */,
			);
			buildRules = (
			);
			dependencies = (
				DD525E6F289A04FA0056064C /* PBXTargetDependency */,
			);
			name = "Recipe-iOSTests";
			productName = "Recipe-iOSTests";
			productReference = DD525E6D289A04FA0056064C /* Recipe-iOSTests.xctest */;
			productType = "com.apple.product-type.bundle.unit-test";
		};
		DD525E76289A04FA0056064C /* Recipe-iOSUITests */ = {
			isa = PBXNativeTarget;
			buildConfigurationList = DD525E87289A04FA0056064C /* Build configuration list for PBXNativeTarget "Recipe-iOSUITests" */;
			buildPhases = (
				DD525E73289A04FA0056064C /* Sources */,
				DD525E74289A04FA0056064C /* Frameworks */,
				DD525E75289A04FA0056064C /* Resources */,
			);
			buildRules = (
			);
			dependencies = (
				DD525E79289A04FA0056064C /* PBXTargetDependency */,
			);
			name = "Recipe-iOSUITests";
			productName = "Recipe-iOSUITests";
			productReference = DD525E77289A04FA0056064C /* Recipe-iOSUITests.xctest */;
			productType = "com.apple.product-type.bundle.ui-testing";
		};
/* End PBXNativeTarget section */

/* Begin PBXProject section */
		DD525E55289A04F80056064C /* Project object */ = {
			isa = PBXProject;
			attributes = {
				BuildIndependentTargetsInParallel = 1;
				LastSwiftUpdateCheck = 1340;
				LastUpgradeCheck = 1340;
				TargetAttributes = {
					DD525E5C289A04F80056064C = {
						CreatedOnToolsVersion = 13.4.1;
					};
					DD525E6C289A04FA0056064C = {
						CreatedOnToolsVersion = 13.4.1;
						TestTargetID = DD525E5C289A04F80056064C;
					};
					DD525E76289A04FA0056064C = {
						CreatedOnToolsVersion = 13.4.1;
						TestTargetID = DD525E5C289A04F80056064C;
					};
				};
			};
			buildConfigurationList = DD525E58289A04F80056064C /* Build configuration list for PBXProject "Recipe-iOS" */;
			compatibilityVersion = "Xcode 13.0";
			developmentRegion = en;
			hasScannedForEncodings = 0;
			knownRegions = (
				en,
				Base,
			);
			mainGroup = DD525E54289A04F80056064C;
			productRefGroup = DD525E5E289A04F80056064C /* Products */;
			projectDirPath = "";
			projectRoot = "";
			targets = (
				DD525E5C289A04F80056064C /* Recipe-iOS */,
				DD525E6C289A04FA0056064C /* Recipe-iOSTests */,
				DD525E76289A04FA0056064C /* Recipe-iOSUITests */,
			);
		};
/* End PBXProject section */

/* Begin PBXResourcesBuildPhase section */
		DD525E5B289A04F80056064C /* Resources */ = {
			isa = PBXResourcesBuildPhase;
			buildActionMask = 2147483647;
			files = (
				DD525E68289A04F90056064C /* Preview Assets.xcassets in Resources */,
				DD525E65289A04F90056064C /* Assets.xcassets in Resources */,
			);
			runOnlyForDeploymentPostprocessing = 0;
		};
		DD525E6B289A04FA0056064C /* Resources */ = {
			isa = PBXResourcesBuildPhase;
			buildActionMask = 2147483647;
			files = (
			);
			runOnlyForDeploymentPostprocessing = 0;
		};
		DD525E75289A04FA0056064C /* Resources */ = {
			isa = PBXResourcesBuildPhase;
			buildActionMask = 2147483647;
			files = (
			);
			runOnlyForDeploymentPostprocessing = 0;
		};
/* End PBXResourcesBuildPhase section */

/* Begin PBXSourcesBuildPhase section */
		DD525E59289A04F80056064C /* Sources */ = {
			isa = PBXSourcesBuildPhase;
			buildActionMask = 2147483647;
			files = (
				DD525E63289A04F80056064C /* ContentView.swift in Sources */,
				DD525E61289A04F80056064C /* Recipe_iOSApp.swift in Sources */,
			);
			runOnlyForDeploymentPostprocessing = 0;
		};
		DD525E69289A04FA0056064C /* Sources */ = {
			isa = PBXSourcesBuildPhase;
			buildActionMask = 2147483647;
			files = (
				DD525E72289A04FA0056064C /* Recipe_iOSTests.swift in Sources */,
			);
			runOnlyForDeploymentPostprocessing = 0;
		};
		DD525E73289A04FA0056064C /* Sources */ = {
			isa = PBXSourcesBuildPhase;
			buildActionMask = 2147483647;
			files = (
				DD525E7E289A04FA0056064C /* Recipe_iOSUITestsLaunchTests.swift in Sources */,
				DD525E7C289A04FA0056064C /* Recipe_iOSUITests.swift in Sources */,
			);
			runOnlyForDeploymentPostprocessing = 0;
		};
/* End PBXSourcesBuildPhase section */

/* Begin PBXTargetDependency section */
		DD525E6F289A04FA0056064C /* PBXTargetDependency */ = {
			isa = PBXTargetDependency;
			target = DD525E5C289A04F80056064C /* Recipe-iOS */;
			targetProxy = DD525E6E289A04FA0056064C /* PBXContainerItemProxy */;
		};
		DD525E79289A04FA0056064C /* PBXTargetDependency */ = {
			isa = PBXTargetDependency;
			target = DD525E5C289A04F80056064C /* Recipe-iOS */;
			targetProxy = DD525E78289A04FA0056064C /* PBXContainerItemProxy */;
		};
/* End PBXTargetDependency section */

/* Begin XCBuildConfiguration section */
		DD525E7F289A04FA0056064C /* Debug */ = {
			isa = XCBuildConfiguration;
			buildSettings = {
				ALWAYS_SEARCH_USER_PATHS = NO;
				CLANG_ANALYZER_NONNULL = YES;
				CLANG_ANALYZER_NUMBER_OBJECT_CONVERSION = YES_AGGRESSIVE;
				CLANG_CXX_LANGUAGE_STANDARD = "gnu++17";
				CLANG_ENABLE_MODULES = YES;
				CLANG_ENABLE_OBJC_ARC = YES;
				CLANG_ENABLE_OBJC_WEAK = YES;
				CLANG_WARN_BLOCK_CAPTURE_AUTORELEASING = YES;
				CLANG_WARN_BOOL_CONVERSION = YES;
				CLANG_WARN_COMMA = YES;
				CLANG_WARN_CONSTANT_CONVERSION = YES;
				CLANG_WARN_DEPRECATED_OBJC_IMPLEMENTATIONS = YES;
				CLANG_WARN_DIRECT_OBJC_ISA_USAGE = YES_ERROR;
				CLANG_WARN_DOCUMENTATION_COMMENTS = YES;
				CLANG_WARN_EMPTY_BODY = YES;
				CLANG_WARN_ENUM_CONVERSION = YES;
				CLANG_WARN_INFINITE_RECURSION = YES;
				CLANG_WARN_INT_CONVERSION = YES;
				CLANG_WARN_NON_LITERAL_NULL_CONVERSION = YES;
				CLANG_WARN_OBJC_IMPLICIT_RETAIN_SELF = YES;
				CLANG_WARN_OBJC_LITERAL_CONVERSION = YES;
				CLANG_WARN_OBJC_ROOT_CLASS = YES_ERROR;
				CLANG_WARN_QUOTED_INCLUDE_IN_FRAMEWORK_HEADER = YES;
				CLANG_WARN_RANGE_LOOP_ANALYSIS = YES;
				CLANG_WARN_STRICT_PROTOTYPES = YES;
				CLANG_WARN_SUSPICIOUS_MOVE = YES;
				CLANG_WARN_UNGUARDED_AVAILABILITY = YES_AGGRESSIVE;
				CLANG_WARN_UNREACHABLE_CODE = YES;
				CLANG_WARN__DUPLICATE_METHOD_MATCH = YES;
				COPY_PHASE_STRIP = NO;
				DEBUG_INFORMATION_FORMAT = dwarf;
				ENABLE_STRICT_OBJC_MSGSEND = YES;
				ENABLE_TESTABILITY = YES;
				GCC_C_LANGUAGE_STANDARD = gnu11;
				GCC_DYNAMIC_NO_PIC = NO;
				GCC_NO_COMMON_BLOCKS = YES;
				GCC_OPTIMIZATION_LEVEL = 0;
				GCC_PREPROCESSOR_DEFINITIONS = (
					"DEBUG=1",
					"$(inherited)",
				);
				GCC_WARN_64_TO_32_BIT_CONVERSION = YES;
				GCC_WARN_ABOUT_RETURN_TYPE = YES_ERROR;
				GCC_WARN_UNDECLARED_SELECTOR = YES;
				GCC_WARN_UNINITIALIZED_AUTOS = YES_AGGRESSIVE;
				GCC_WARN_UNUSED_FUNCTION = YES;
				GCC_WARN_UNUSED_VARIABLE = YES;
				IPHONEOS_DEPLOYMENT_TARGET = 15.5;
				MTL_ENABLE_DEBUG_INFO = INCLUDE_SOURCE;
				MTL_FAST_MATH = YES;
				ONLY_ACTIVE_ARCH = YES;
				SDKROOT = iphoneos;
				SWIFT_ACTIVE_COMPILATION_CONDITIONS = DEBUG;
				SWIFT_OPTIMIZATION_LEVEL = "-Onone";
			};
			name = Debug;
		};
		DD525E80289A04FA0056064C /* Release */ = {
			isa = XCBuildConfiguration;
			buildSettings = {
				ALWAYS_SEARCH_USER_PATHS = NO;
				CLANG_ANALYZER_NONNULL = YES;
				CLANG_ANALYZER_NUMBER_OBJECT_CONVERSION = YES_AGGRESSIVE;
				CLANG_CXX_LANGUAGE_STANDARD = "gnu++17";
				CLANG_ENABLE_MODULES = YES;
				CLANG_ENABLE_OBJC_ARC = YES;
				CLANG_ENABLE_OBJC_WEAK = YES;
				CLANG_WARN_BLOCK_CAPTURE_AUTORELEASING = YES;
				CLANG_WARN_BOOL_CONVERSION = YES;
				CLANG_WARN_COMMA = YES;
				CLANG_WARN_CONSTANT_CONVERSION = YES;
				CLANG_WARN_DEPRECATED_OBJC_IMPLEMENTATIONS = YES;
				CLANG_WARN_DIRECT_OBJC_ISA_USAGE = YES_ERROR;
				CLANG_WARN_DOCUMENTATION_COMMENTS = YES;
				CLANG_WARN_EMPTY_BODY = YES;
				CLANG_WARN_ENUM_CONVERSION = YES;
				CLANG_WARN_INFINITE_RECURSION = YES;
				CLANG_WARN_INT_CONVERSION = YES;
				CLANG_WARN_NON_LITERAL_NULL_CONVERSION = YES;
				CLANG_WARN_OBJC_IMPLICIT_RETAIN_SELF = YES;
				CLANG_WARN_OBJC_LITERAL_CONVERSION = YES;
				CLANG_WARN_OBJC_ROOT_CLASS = YES_ERROR;
				CLANG_WARN_QUOTED_INCLUDE_IN_FRAMEWORK_HEADER = YES;
				CLANG_WARN_RANGE_LOOP_ANALYSIS = YES;
				CLANG_WARN_STRICT_PROTOTYPES = YES;
				CLANG_WARN_SUSPICIOUS_MOVE = YES;
				CLANG_WARN_UNGUARDED_AVAILABILITY = YES_AGGRESSIVE;
				CLANG_WARN_UNREACHABLE_CODE = YES;
				CLANG_WARN__DUPLICATE_METHOD_MATCH = YES;
				COPY_PHASE_STRIP = NO;
				DEBUG_INFORMATION_FORMAT = "dwarf-with-dsym";
				ENABLE_NS_ASSERTIONS = NO;
				ENABLE_STRICT_OBJC_MSGSEND = YES;
				GCC_C_LANGUAGE_STANDARD = gnu11;
				GCC_NO_COMMON_BLOCKS = YES;
				GCC_WARN_64_TO_32_BIT_CONVERSION = YES;
				GCC_WARN_ABOUT_RETURN_TYPE = YES_ERROR;
				GCC_WARN_UNDECLARED_SELECTOR = YES;
				GCC_WARN_UNINITIALIZED_AUTOS = YES_AGGRESSIVE;
				GCC_WARN_UNUSED_FUNCTION = YES;
				GCC_WARN_UNUSED_VARIABLE = YES;
				IPHONEOS_DEPLOYMENT_TARGET = 15.5;
				MTL_ENABLE_DEBUG_INFO = NO;
				MTL_FAST_MATH = YES;
				SDKROOT = iphoneos;
				SWIFT_COMPILATION_MODE = wholemodule;
				SWIFT_OPTIMIZATION_LEVEL = "-O";
				VALIDATE_PRODUCT = YES;
			};
			name = Release;
		};
		DD525E82289A04FA0056064C /* Debug */ = {
			isa = XCBuildConfiguration;
			buildSettings = {
				ASSETCATALOG_COMPILER_APPICON_NAME = AppIcon;
				ASSETCATALOG_COMPILER_GLOBAL_ACCENT_COLOR_NAME = AccentColor;
				CODE_SIGN_STYLE = Automatic;
				CURRENT_PROJECT_VERSION = 1;
				DEVELOPMENT_ASSET_PATHS = "\"Recipe-iOS/Preview Content\"";
				ENABLE_PREVIEWS = YES;
				GENERATE_INFOPLIST_FILE = YES;
				INFOPLIST_KEY_UIApplicationSceneManifest_Generation = YES;
				INFOPLIST_KEY_UIApplicationSupportsIndirectInputEvents = YES;
				INFOPLIST_KEY_UILaunchScreen_Generation = YES;
				INFOPLIST_KEY_UISupportedInterfaceOrientations_iPad = "UIInterfaceOrientationPortrait UIInterfaceOrientationPortraitUpsideDown UIInterfaceOrientationLandscapeLeft UIInterfaceOrientationLandscapeRight";
				INFOPLIST_KEY_UISupportedInterfaceOrientations_iPhone = "UIInterfaceOrientationPortrait UIInterfaceOrientationLandscapeLeft UIInterfaceOrientationLandscapeRight";
				LD_RUNPATH_SEARCH_PATHS = (
					"$(inherited)",
					"@executable_path/Frameworks",
				);
				MARKETING_VERSION = 1.0;
				PRODUCT_BUNDLE_IDENTIFIER = "fairman.aidan.Recipe-iOS";
				PRODUCT_NAME = "$(TARGET_NAME)";
				SWIFT_EMIT_LOC_STRINGS = YES;
				SWIFT_VERSION = 5.0;
				TARGETED_DEVICE_FAMILY = "1,2";
			};
			name = Debug;
		};
		DD525E83289A04FA0056064C /* Release */ = {
			isa = XCBuildConfiguration;
			buildSettings = {
				ASSETCATALOG_COMPILER_APPICON_NAME = AppIcon;
				ASSETCATALOG_COMPILER_GLOBAL_ACCENT_COLOR_NAME = AccentColor;
				CODE_SIGN_STYLE = Automatic;
				CURRENT_PROJECT_VERSION = 1;
				DEVELOPMENT_ASSET_PATHS = "\"Recipe-iOS/Preview Content\"";
				ENABLE_PREVIEWS = YES;
				GENERATE_INFOPLIST_FILE = YES;
				INFOPLIST_KEY_UIApplicationSceneManifest_Generation = YES;
				INFOPLIST_KEY_UIApplicationSupportsIndirectInputEvents = YES;
				INFOPLIST_KEY_UILaunchScreen_Generation = YES;
				INFOPLIST_KEY_UISupportedInterfaceOrientations_iPad = "UIInterfaceOrientationPortrait UIInterfaceOrientationPortraitUpsideDown UIInterfaceOrientationLandscapeLeft UIInterfaceOrientationLandscapeRight";
				INFOPLIST_KEY_UISupportedInterfaceOrientations_iPhone = "UIInterfaceOrientationPortrait UIInterfaceOrientationLandscapeLeft UIInterfaceOrientationLandscapeRight";
				LD_RUNPATH_SEARCH_PATHS = (
					"$(inherited)",
					"@executable_path/Frameworks",
				);
				MARKETING_VERSION = 1.0;
				PRODUCT_BUNDLE_IDENTIFIER = "fairman.aidan.Recipe-iOS";
				PRODUCT_NAME = "$(TARGET_NAME)";
				SWIFT_EMIT_LOC_STRINGS = YES;
				SWIFT_VERSION = 5.0;
				TARGETED_DEVICE_FAMILY = "1,2";
			};
			name = Release;
		};
		DD525E85289A04FA0056064C /* Debug */ = {
			isa = XCBuildConfiguration;
			buildSettings = {
				ALWAYS_EMBED_SWIFT_STANDARD_LIBRARIES = YES;
				BUNDLE_LOADER = "$(TEST_HOST)";
				CODE_SIGN_STYLE = Automatic;
				CURRENT_PROJECT_VERSION = 1;
				GENERATE_INFOPLIST_FILE = YES;
				IPHONEOS_DEPLOYMENT_TARGET = 15.5;
				MARKETING_VERSION = 1.0;
				PRODUCT_BUNDLE_IDENTIFIER = "fairman.aidan.Recipe-iOSTests";
				PRODUCT_NAME = "$(TARGET_NAME)";
				SWIFT_EMIT_LOC_STRINGS = NO;
				SWIFT_VERSION = 5.0;
				TARGETED_DEVICE_FAMILY = "1,2";
				TEST_HOST = "$(BUILT_PRODUCTS_DIR)/Recipe-iOS.app/Recipe-iOS";
			};
			name = Debug;
		};
		DD525E86289A04FA0056064C /* Release */ = {
			isa = XCBuildConfiguration;
			buildSettings = {
				ALWAYS_EMBED_SWIFT_STANDARD_LIBRARIES = YES;
				BUNDLE_LOADER = "$(TEST_HOST)";
				CODE_SIGN_STYLE = Automatic;
				CURRENT_PROJECT_VERSION = 1;
				GENERATE_INFOPLIST_FILE = YES;
				IPHONEOS_DEPLOYMENT_TARGET = 15.5;
				MARKETING_VERSION = 1.0;
				PRODUCT_BUNDLE_IDENTIFIER = "fairman.aidan.Recipe-iOSTests";
				PRODUCT_NAME = "$(TARGET_NAME)";
				SWIFT_EMIT_LOC_STRINGS = NO;
				SWIFT_VERSION = 5.0;
				TARGETED_DEVICE_FAMILY = "1,2";
				TEST_HOST = "$(BUILT_PRODUCTS_DIR)/Recipe-iOS.app/Recipe-iOS";
			};
			name = Release;
		};
		DD525E88289A04FA0056064C /* Debug */ = {
			isa = XCBuildConfiguration;
			buildSettings = {
				ALWAYS_EMBED_SWIFT_STANDARD_LIBRARIES = YES;
				CODE_SIGN_STYLE = Automatic;
				CURRENT_PROJECT_VERSION = 1;
				GENERATE_INFOPLIST_FILE = YES;
				MARKETING_VERSION = 1.0;
				PRODUCT_BUNDLE_IDENTIFIER = "fairman.aidan.Recipe-iOSUITests";
				PRODUCT_NAME = "$(TARGET_NAME)";
				SWIFT_EMIT_LOC_STRINGS = NO;
				SWIFT_VERSION = 5.0;
				TARGETED_DEVICE_FAMILY = "1,2";
				TEST_TARGET_NAME = "Recipe-iOS";
			};
			name = Debug;
		};
		DD525E89289A04FA0056064C /* Release */ = {
			isa = XCBuildConfiguration;
			buildSettings = {
				ALWAYS_EMBED_SWIFT_STANDARD_LIBRARIES = YES;
				CODE_SIGN_STYLE = Automatic;
				CURRENT_PROJECT_VERSION = 1;
				GENERATE_INFOPLIST_FILE = YES;
				MARKETING_VERSION = 1.0;
				PRODUCT_BUNDLE_IDENTIFIER = "fairman.aidan.Recipe-iOSUITests";
				PRODUCT_NAME = "$(TARGET_NAME)";
				SWIFT_EMIT_LOC_STRINGS = NO;
				SWIFT_VERSION = 5.0;
				TARGETED_DEVICE_FAMILY = "1,2";
				TEST_TARGET_NAME = "Recipe-iOS";
			};
			name = Release;
		};
/* End XCBuildConfiguration section */

/* Begin XCConfigurationList section */
		DD525E58289A04F80056064C /* Build configuration list for PBXProject "Recipe-iOS" */ = {
			isa = XCConfigurationList;
			buildConfigurations = (
				DD525E7F289A04FA0056064C /* Debug */,
				DD525E80289A04FA0056064C /* Release */,
			);
			defaultConfigurationIsVisible = 0;
			defaultConfigurationName = Release;
		};
		DD525E81289A04FA0056064C /* Build configuration list for PBXNativeTarget "Recipe-iOS" */ = {
			isa = XCConfigurationList;
			buildConfigurations = (
				DD525E82289A04FA0056064C /* Debug */,
				DD525E83289A04FA0056064C /* Release */,
			);
			defaultConfigurationIsVisible = 0;
			defaultConfigurationName = Release;
		};
		DD525E84289A04FA0056064C /* Build configuration list for PBXNativeTarget "Recipe-iOSTests" */ = {
			isa = XCConfigurationList;
			buildConfigurations = (
				DD525E85289A04FA0056064C /* Debug */,
				DD525E86289A04FA0056064C /* Release */,
			);
			defaultConfigurationIsVisible = 0;
			defaultConfigurationName = Release;
		};
		DD525E87289A04FA0056064C /* Build configuration list for PBXNativeTarget "Recipe-iOSUITests" */ = {
			isa = XCConfigurationList;
			buildConfigurations = (
				DD525E88289A04FA0056064C /* Debug */,
				DD525E89289A04FA0056064C /* Release */,
			);
			defaultConfigurationIsVisible = 0;
			defaultConfigurationName = Release;
		};
/* End XCConfigurationList section */
	};
	rootObject = DD525E55289A04F80056064C /* Project object */;
}
